
Microsoft Visual Studio Solution File, Format Version 12.00
# Visual Studio Version 16
VisualStudioVersion = 16.0.31424.327
MinimumVisualStudioVersion = 10.0.40219.1
Project("{FAE04EC0-301F-11D3-BF4B-00C04F79EFBC}") = "LinkedList", "LinkedList\LinkedList.csproj", "{C91CF829-F2D7-4839-B108-B3544335704E}"
EndProject
Global
	GlobalSection(SolutionConfigurationPlatforms) = preSolution
		Debug|Any CPU = Debug|Any CPU
		Release|Any CPU = Release|Any CPU
	EndGlobalSection
	GlobalSection(ProjectConfigurationPlatforms) = postSolution
		{C91CF829-F2D7-4839-B108-B3544335704E}.Debug|Any CPU.ActiveCfg = Debug|Any CPU
		{C91CF829-F2D7-4839-B108-B3544335704E}.Debug|Any CPU.Build.0 = Debug|Any CPU
		{C91CF829-F2D7-4839-B108-B3544335704E}.Release|Any CPU.ActiveCfg = Release|Any CPU
		{C91CF829-F2D7-4839-B108-B3544335704E}.Release|Any CPU.Build.0 = Release|Any CPU
	EndGlobalSection
	GlobalSection(SolutionProperties) = preSolution
		HideSolutionNode = FALSE
	EndGlobalSection
	GlobalSection(ExtensibilityGlobals) = postSolution
		SolutionGuid = {A7C8C129-13F7-45DF-A65C-AF4B88ACE011}
	EndGlobalSection
EndGlobal
